
Microsoft Visual Studio Solution File, Format Version 12.00
# Visual Studio Version 16
VisualStudioVersion = 16.0.31515.178
MinimumVisualStudioVersion = 10.0.40219.1
Project("{FAE04EC0-301F-11D3-BF4B-00C04F79EFBC}") = "Point2DTo3DTest", "Point2DTo3DTest\Point2DTo3DTest.csproj", "{71F34D97-3B31-4E8F-B03D-5F30720B3404}"
EndProject
Global
	GlobalSection(SolutionConfigurationPlatforms) = preSolution
		Debug|Any CPU = Debug|Any CPU
		Release|Any CPU = Release|Any CPU
	EndGlobalSection
	GlobalSection(ProjectConfigurationPlatforms) = postSolution
		{71F34D97-3B31-4E8F-B03D-5F30720B3404}.Debug|Any CPU.ActiveCfg = Debug|Any CPU
		{71F34D97-3B31-4E8F-B03D-5F30720B3404}.Debug|Any CPU.Build.0 = Debug|Any CPU
		{71F34D97-3B31-4E8F-B03D-5F30720B3404}.Release|Any CPU.ActiveCfg = Release|Any CPU
		{71F34D97-3B31-4E8F-B03D-5F30720B3404}.Release|Any CPU.Build.0 = Release|Any CPU
	EndGlobalSection
	GlobalSection(SolutionProperties) = preSolution
		HideSolutionNode = FALSE
	EndGlobalSection
	GlobalSection(ExtensibilityGlobals) = postSolution
		SolutionGuid = {8702CD2C-6ACF-4CFC-98A5-1E27BB8C7E6D}
	EndGlobalSection
EndGlobal
